// !$*UTF8*$!
{
	archiveVersion = 1;
	classes = {
	};
	objectVersion = 46;
	objects = {

/* Begin PBXBuildFile section */
		49A83C371B21D24500C79DB1 /* main.m in Sources */ = {isa = PBXBuildFile; fileRef = 49A83C361B21D24500C79DB1 /* main.m */; };
		49A83C3A1B21D24500C79DB1 /* AppDelegate.m in Sources */ = {isa = PBXBuildFile; fileRef = 49A83C391B21D24500C79DB1 /* AppDelegate.m */; };
		49A83C3D1B21D24500C79DB1 /* ViewController.m in Sources */ = {isa = PBXBuildFile; fileRef = 49A83C3C1B21D24500C79DB1 /* ViewController.m */; };
		49A83C401B21D24500C79DB1 /* Main.storyboard in Resources */ = {isa = PBXBuildFile; fileRef = 49A83C3E1B21D24500C79DB1 /* Main.storyboard */; };
		49A83C421B21D24500C79DB1 /* Images.xcassets in Resources */ = {isa = PBXBuildFile; fileRef = 49A83C411B21D24500C79DB1 /* Images.xcassets */; };
		49A83C451B21D24500C79DB1 /* LaunchScreen.xib in Resources */ = {isa = PBXBuildFile; fileRef = 49A83C431B21D24500C79DB1 /* LaunchScreen.xib */; };
		49A83C511B21D24500C79DB1 /* DSActionSheetDemoTests.m in Sources */ = {isa = PBXBuildFile; fileRef = 49A83C501B21D24500C79DB1 /* DSActionSheetDemoTests.m */; };
		49A83C5E1B21D28C00C79DB1 /* DSActionSheet.m in Sources */ = {isa = PBXBuildFile; fileRef = 49A83C5D1B21D28C00C79DB1 /* DSActionSheet.m */; };
/* End PBXBuildFile section */

/* Begin PBXContainerItemProxy section */
		49A83C4B1B21D24500C79DB1 /* PBXContainerItemProxy */ = {
			isa = PBXContainerItemProxy;
			containerPortal = 49A83C291B21D24500C79DB1 /* Project object */;
			proxyType = 1;
			remoteGlobalIDString = 49A83C301B21D24500C79DB1;
			remoteInfo = DSActionSheetDemo;
		};
/* End PBXContainerItemProxy section */

/* Begin PBXFileReference section */
		49A83C311B21D24500C79DB1 /* DSActionSheetDemo.app */ = {isa = PBXFileReference; explicitFileType = wrapper.application; includeInIndex = 0; path = DSActionSheetDemo.app; sourceTree = BUILT_PRODUCTS_DIR; };
		49A83C351B21D24500C79DB1 /* Info.plist */ = {isa = PBXFileReference; lastKnownFileType = text.plist.xml; path = Info.plist; sourceTree = "<group>"; };
		49A83C361B21D24500C79DB1 /* main.m */ = {isa = PBXFileReference; lastKnownFileType = sourcecode.c.objc; path = main.m; sourceTree = "<group>"; };
		49A83C381B21D24500C79DB1 /* AppDelegate.h */ = {isa = PBXFileReference; lastKnownFileType = sourcecode.c.h; path = AppDelegate.h; sourceTree = "<group>"; };
		49A83C391B21D24500C79DB1 /* AppDelegate.m */ = {isa = PBXFileReference; lastKnownFileType = sourcecode.c.objc; path = AppDelegate.m; sourceTree = "<group>"; };
		49A83C3B1B21D24500C79DB1 /* ViewController.h */ = {isa = PBXFileReference; lastKnownFileType = sourcecode.c.h; path = ViewController.h; sourceTree = "<group>"; };
		49A83C3C1B21D24500C79DB1 /* ViewController.m */ = {isa = PBXFileReference; lastKnownFileType = sourcecode.c.objc; path = ViewController.m; sourceTree = "<group>"; };
		49A83C3F1B21D24500C79DB1 /* Base */ = {isa = PBXFileReference; lastKnownFileType = file.storyboard; name = Base; path = Base.lproj/Main.storyboard; sourceTree = "<group>"; };
		49A83C411B21D24500C79DB1 /* Images.xcassets */ = {isa = PBXFileReference; lastKnownFileType = folder.assetcatalog; path = Images.xcassets; sourceTree = "<group>"; };
		49A83C441B21D24500C79DB1 /* Base */ = {isa = PBXFileReference; lastKnownFileType = file.xib; name = Base; path = Base.lproj/LaunchScreen.xib; sourceTree = "<group>"; };
		49A83C4A1B21D24500C79DB1 /* DSActionSheetDemoTests.xctest */ = {isa = PBXFileReference; explicitFileType = wrapper.cfbundle; includeInIndex = 0; path = DSActionSheetDemoTests.xctest; sourceTree = BUILT_PRODUCTS_DIR; };
		49A83C4F1B21D24500C79DB1 /* Info.plist */ = {isa = PBXFileReference; lastKnownFileType = text.plist.xml; path = Info.plist; sourceTree = "<group>"; };
		49A83C501B21D24500C79DB1 /* DSActionSheetDemoTests.m */ = {isa = PBXFileReference; lastKnownFileType = sourcecode.c.objc; path = DSActionSheetDemoTests.m; sourceTree = "<group>"; };
		49A83C5C1B21D28C00C79DB1 /* DSActionSheet.h */ = {isa = PBXFileReference; fileEncoding = 4; lastKnownFileType = sourcecode.c.h; path = DSActionSheet.h; sourceTree = "<group>"; };
		49A83C5D1B21D28C00C79DB1 /* DSActionSheet.m */ = {isa = PBXFileReference; fileEncoding = 4; lastKnownFileType = sourcecode.c.objc; path = DSActionSheet.m; sourceTree = "<group>"; };
/* End PBXFileReference section */

/* Begin PBXFrameworksBuildPhase section */
		49A83C2E1B21D24500C79DB1 /* Frameworks */ = {
			isa = PBXFrameworksBuildPhase;
			buildActionMask = 2147483647;
			files = (
			);
			runOnlyForDeploymentPostprocessing = 0;
		};
		49A83C471B21D24500C79DB1 /* Frameworks */ = {
			isa = PBXFrameworksBuildPhase;
			buildActionMask = 2147483647;
			files = (
			);
			runOnlyForDeploymentPostprocessing = 0;
		};
/* End PBXFrameworksBuildPhase section */

/* Begin PBXGroup section */
		49A83C281B21D24500C79DB1 = {
			isa = PBXGroup;
			children = (
				49A83C331B21D24500C79DB1 /* DSActionSheetDemo */,
				49A83C4D1B21D24500C79DB1 /* DSActionSheetDemoTests */,
				49A83C321B21D24500C79DB1 /* Products */,
			);
			sourceTree = "<group>";
		};
		49A83C321B21D24500C79DB1 /* Products */ = {
			isa = PBXGroup;
			children = (
				49A83C311B21D24500C79DB1 /* DSActionSheetDemo.app */,
				49A83C4A1B21D24500C79DB1 /* DSActionSheetDemoTests.xctest */,
			);
			name = Products;
			sourceTree = "<group>";
		};
		49A83C331B21D24500C79DB1 /* DSActionSheetDemo */ = {
			isa = PBXGroup;
			children = (
				49A83C381B21D24500C79DB1 /* AppDelegate.h */,
				49A83C391B21D24500C79DB1 /* AppDelegate.m */,
				49A83C3B1B21D24500C79DB1 /* ViewController.h */,
				49A83C3C1B21D24500C79DB1 /* ViewController.m */,
				49A83C5C1B21D28C00C79DB1 /* DSActionSheet.h */,
				49A83C5D1B21D28C00C79DB1 /* DSActionSheet.m */,
				49A83C3E1B21D24500C79DB1 /* Main.storyboard */,
				49A83C411B21D24500C79DB1 /* Images.xcassets */,
				49A83C431B21D24500C79DB1 /* LaunchScreen.xib */,
				49A83C341B21D24500C79DB1 /* Supporting Files */,
			);
			path = DSActionSheetDemo;
			sourceTree = "<group>";
		};
		49A83C341B21D24500C79DB1 /* Supporting Files */ = {
			isa = PBXGroup;
			children = (
				49A83C351B21D24500C79DB1 /* Info.plist */,
				49A83C361B21D24500C79DB1 /* main.m */,
			);
			name = "Supporting Files";
			sourceTree = "<group>";
		};
		49A83C4D1B21D24500C79DB1 /* DSActionSheetDemoTests */ = {
			isa = PBXGroup;
			children = (
				49A83C501B21D24500C79DB1 /* DSActionSheetDemoTests.m */,
				49A83C4E1B21D24500C79DB1 /* Supporting Files */,
			);
			path = DSActionSheetDemoTests;
			sourceTree = "<group>";
		};
		49A83C4E1B21D24500C79DB1 /* Supporting Files */ = {
			isa = PBXGroup;
			children = (
				49A83C4F1B21D24500C79DB1 /* Info.plist */,
			);
			name = "Supporting Files";
			sourceTree = "<group>";
		};
/* End PBXGroup section */

/* Begin PBXNativeTarget section */
		49A83C301B21D24500C79DB1 /* DSActionSheetDemo */ = {
			isa = PBXNativeTarget;
			buildConfigurationList = 49A83C541B21D24500C79DB1 /* Build configuration list for PBXNativeTarget "DSActionSheetDemo" */;
			buildPhases = (
				49A83C2D1B21D24500C79DB1 /* Sources */,
				49A83C2E1B21D24500C79DB1 /* Frameworks */,
				49A83C2F1B21D24500C79DB1 /* Resources */,
			);
			buildRules = (
			);
			dependencies = (
			);
			name = DSActionSheetDemo;
			productName = DSActionSheetDemo;
			productReference = 49A83C311B21D24500C79DB1 /* DSActionSheetDemo.app */;
			productType = "com.apple.product-type.application";
		};
		49A83C491B21D24500C79DB1 /* DSActionSheetDemoTests */ = {
			isa = PBXNativeTarget;
			buildConfigurationList = 49A83C571B21D24500C79DB1 /* Build configuration list for PBXNativeTarget "DSActionSheetDemoTests" */;
			buildPhases = (
				49A83C461B21D24500C79DB1 /* Sources */,
				49A83C471B21D24500C79DB1 /* Frameworks */,
				49A83C481B21D24500C79DB1 /* Resources */,
			);
			buildRules = (
			);
			dependencies = (
				49A83C4C1B21D24500C79DB1 /* PBXTargetDependency */,
			);
			name = DSActionSheetDemoTests;
			productName = DSActionSheetDemoTests;
			productReference = 49A83C4A1B21D24500C79DB1 /* DSActionSheetDemoTests.xctest */;
			productType = "com.apple.product-type.bundle.unit-test";
		};
/* End PBXNativeTarget section */

/* Begin PBXProject section */
		49A83C291B21D24500C79DB1 /* Project object */ = {
			isa = PBXProject;
			attributes = {
				LastUpgradeCheck = 0630;
				ORGANIZATIONNAME = LS;
				TargetAttributes = {
					49A83C301B21D24500C79DB1 = {
						CreatedOnToolsVersion = 6.3.2;
					};
					49A83C491B21D24500C79DB1 = {
						CreatedOnToolsVersion = 6.3.2;
						TestTargetID = 49A83C301B21D24500C79DB1;
					};
				};
			};
			buildConfigurationList = 49A83C2C1B21D24500C79DB1 /* Build configuration list for PBXProject "DSActionSheetDemo" */;
			compatibilityVersion = "Xcode 3.2";
			developmentRegion = English;
			hasScannedForEncodings = 0;
			knownRegions = (
				en,
				Base,
			);
			mainGroup = 49A83C281B21D24500C79DB1;
			productRefGroup = 49A83C321B21D24500C79DB1 /* Products */;
			projectDirPath = "";
			projectRoot = "";
			targets = (
				49A83C301B21D24500C79DB1 /* DSActionSheetDemo */,
				49A83C491B21D24500C79DB1 /* DSActionSheetDemoTests */,
			);
		};
/* End PBXProject section */

/* Begin PBXResourcesBuildPhase section */
		49A83C2F1B21D24500C79DB1 /* Resources */ = {
			isa = PBXResourcesBuildPhase;
			buildActionMask = 2147483647;
			files = (
				49A83C401B21D24500C79DB1 /* Main.storyboard in Resources */,
				49A83C451B21D24500C79DB1 /* LaunchScreen.xib in Resources */,
				49A83C421B21D24500C79DB1 /* Images.xcassets in Resources */,
			);
			runOnlyForDeploymentPostprocessing = 0;
		};
		49A83C481B21D24500C79DB1 /* Resources */ = {
			isa = PBXResourcesBuildPhase;
			buildActionMask = 2147483647;
			files = (
			);
			runOnlyForDeploymentPostprocessing = 0;
		};
/* End PBXResourcesBuildPhase section */

/* Begin PBXSourcesBuildPhase section */
		49A83C2D1B21D24500C79DB1 /* Sources */ = {
			isa = PBXSourcesBuildPhase;
			buildActionMask = 2147483647;
			files = (
				49A83C5E1B21D28C00C79DB1 /* DSActionSheet.m in Sources */,
				49A83C3D1B21D24500C79DB1 /* ViewController.m in Sources */,
				49A83C3A1B21D24500C79DB1 /* AppDelegate.m in Sources */,
				49A83C371B21D24500C79DB1 /* main.m in Sources */,
			);
			runOnlyForDeploymentPostprocessing = 0;
		};
		49A83C461B21D24500C79DB1 /* Sources */ = {
			isa = PBXSourcesBuildPhase;
			buildActionMask = 2147483647;
			files = (
				49A83C511B21D24500C79DB1 /* DSActionSheetDemoTests.m in Sources */,
			);
			runOnlyForDeploymentPostprocessing = 0;
		};
/* End PBXSourcesBuildPhase section */

/* Begin PBXTargetDependency section */
		49A83C4C1B21D24500C79DB1 /* PBXTargetDependency */ = {
			isa = PBXTargetDependency;
			target = 49A83C301B21D24500C79DB1 /* DSActionSheetDemo */;
			targetProxy = 49A83C4B1B21D24500C79DB1 /* PBXContainerItemProxy */;
		};
/* End PBXTargetDependency section */

/* Begin PBXVariantGroup section */
		49A83C3E1B21D24500C79DB1 /* Main.storyboard */ = {
			isa = PBXVariantGroup;
			children = (
				49A83C3F1B21D24500C79DB1 /* Base */,
			);
			name = Main.storyboard;
			sourceTree = "<group>";
		};
		49A83C431B21D24500C79DB1 /* LaunchScreen.xib */ = {
			isa = PBXVariantGroup;
			children = (
				49A83C441B21D24500C79DB1 /* Base */,
			);
			name = LaunchScreen.xib;
			sourceTree = "<group>";
		};
/* End PBXVariantGroup section */

/* Begin XCBuildConfiguration section */
		49A83C521B21D24500C79DB1 /* Debug */ = {
			isa = XCBuildConfiguration;
			buildSettings = {
				ALWAYS_SEARCH_USER_PATHS = NO;
				CLANG_CXX_LANGUAGE_STANDARD = "gnu++0x";
				CLANG_CXX_LIBRARY = "libc++";
				CLANG_ENABLE_MODULES = YES;
				CLANG_ENABLE_OBJC_ARC = YES;
				CLANG_WARN_BOOL_CONVERSION = YES;
				CLANG_WARN_CONSTANT_CONVERSION = YES;
				CLANG_WARN_DIRECT_OBJC_ISA_USAGE = YES_ERROR;
				CLANG_WARN_EMPTY_BODY = YES;
				CLANG_WARN_ENUM_CONVERSION = YES;
				CLANG_WARN_INT_CONVERSION = YES;
				CLANG_WARN_OBJC_ROOT_CLASS = YES_ERROR;
				CLANG_WARN_UNREACHABLE_CODE = YES;
				CLANG_WARN__DUPLICATE_METHOD_MATCH = YES;
				"CODE_SIGN_IDENTITY[sdk=iphoneos*]" = "iPhone Developer";
				COPY_PHASE_STRIP = NO;
				DEBUG_INFORMATION_FORMAT = "dwarf-with-dsym";
				ENABLE_STRICT_OBJC_MSGSEND = YES;
				GCC_C_LANGUAGE_STANDARD = gnu99;
				GCC_DYNAMIC_NO_PIC = NO;
				GCC_NO_COMMON_BLOCKS = YES;
				GCC_OPTIMIZATION_LEVEL = 0;
				GCC_PREPROCESSOR_DEFINITIONS = (
					"DEBUG=1",
					"$(inherited)",
				);
				GCC_SYMBOLS_PRIVATE_EXTERN = NO;
				GCC_WARN_64_TO_32_BIT_CONVERSION = YES;
				GCC_WARN_ABOUT_RETURN_TYPE = YES_ERROR;
				GCC_WARN_UNDECLARED_SELECTOR = YES;
				GCC_WARN_UNINITIALIZED_AUTOS = YES_AGGRESSIVE;
				GCC_WARN_UNUSED_FUNCTION = YES;
				GCC_WARN_UNUSED_VARIABLE = YES;
				IPHONEOS_DEPLOYMENT_TARGET = 8.3;
				MTL_ENABLE_DEBUG_INFO = YES;
				ONLY_ACTIVE_ARCH = YES;
				SDKROOT = iphoneos;
			};
			name = Debug;
		};
		49A83C531B21D24500C79DB1 /* Release */ = {
			isa = XCBuildConfiguration;
			buildSettings = {
				ALWAYS_SEARCH_USER_PATHS = NO;
				CLANG_CXX_LANGUAGE_STANDARD = "gnu++0x";
				CLANG_CXX_LIBRARY = "libc++";
				CLANG_ENABLE_MODULES = YES;
				CLANG_ENABLE_OBJC_ARC = YES;
				CLANG_WARN_BOOL_CONVERSION = YES;
				CLANG_WARN_CONSTANT_CONVERSION = YES;
				CLANG_WARN_DIRECT_OBJC_ISA_USAGE = YES_ERROR;
				CLANG_WARN_EMPTY_BODY = YES;
				CLANG_WARN_ENUM_CONVERSION = YES;
				CLANG_WARN_INT_CONVERSION = YES;
				CLANG_WARN_OBJC_ROOT_CLASS = YES_ERROR;
				CLANG_WARN_UNREACHABLE_CODE = YES;
				CLANG_WARN__DUPLICATE_METHOD_MATCH = YES;
				"CODE_SIGN_IDENTITY[sdk=iphoneos*]" = "iPhone Developer";
				COPY_PHASE_STRIP = NO;
				DEBUG_INFORMATION_FORMAT = "dwarf-with-dsym";
				ENABLE_NS_ASSERTIONS = NO;
				ENABLE_STRICT_OBJC_MSGSEND = YES;
				GCC_C_LANGUAGE_STANDARD = gnu99;
				GCC_NO_COMMON_BLOCKS = YES;
				GCC_WARN_64_TO_32_BIT_CONVERSION = YES;
				GCC_WARN_ABOUT_RETURN_TYPE = YES_ERROR;
				GCC_WARN_UNDECLARED_SELECTOR = YES;
				GCC_WARN_UNINITIALIZED_AUTOS = YES_AGGRESSIVE;
				GCC_WARN_UNUSED_FUNCTION = YES;
				GCC_WARN_UNUSED_VARIABLE = YES;
				IPHONEOS_DEPLOYMENT_TARGET = 8.3;
				MTL_ENABLE_DEBUG_INFO = NO;
				SDKROOT = iphoneos;
				VALIDATE_PRODUCT = YES;
			};
			name = Release;
		};
		49A83C551B21D24500C79DB1 /* Debug */ = {
			isa = XCBuildConfiguration;
			buildSettings = {
				ASSETCATALOG_COMPILER_APPICON_NAME = AppIcon;
				INFOPLIST_FILE = DSActionSheetDemo/Info.plist;
				LD_RUNPATH_SEARCH_PATHS = "$(inherited) @executable_path/Frameworks";
				PRODUCT_NAME = "$(TARGET_NAME)";
			};
			name = Debug;
		};
		49A83C561B21D24500C79DB1 /* Release */ = {
			isa = XCBuildConfiguration;
			buildSettings = {
				ASSETCATALOG_COMPILER_APPICON_NAME = AppIcon;
				INFOPLIST_FILE = DSActionSheetDemo/Info.plist;
				LD_RUNPATH_SEARCH_PATHS = "$(inherited) @executable_path/Frameworks";
				PRODUCT_NAME = "$(TARGET_NAME)";
			};
			name = Release;
		};
		49A83C581B21D24500C79DB1 /* Debug */ = {
			isa = XCBuildConfiguration;
			buildSettings = {
				BUNDLE_LOADER = "$(TEST_HOST)";
				FRAMEWORK_SEARCH_PATHS = (
					"$(SDKROOT)/Developer/Library/Frameworks",
					"$(inherited)",
				);
				GCC_PREPROCESSOR_DEFINITIONS = (
					"DEBUG=1",
					"$(inherited)",
				);
				INFOPLIST_FILE = DSActionSheetDemoTests/Info.plist;
				LD_RUNPATH_SEARCH_PATHS = "$(inherited) @executable_path/Frameworks @loader_path/Frameworks";
				PRODUCT_NAME = "$(TARGET_NAME)";
				TEST_HOST = "$(BUILT_PRODUCTS_DIR)/DSActionSheetDemo.app/DSActionSheetDemo";
			};
			name = Debug;
		};
		49A83C591B21D24500C79DB1 /* Release */ = {
			isa = XCBuildConfiguration;
			buildSettings = {
				BUNDLE_LOADER = "$(TEST_HOST)";
				FRAMEWORK_SEARCH_PATHS = (
					"$(SDKROOT)/Developer/Library/Frameworks",
					"$(inherited)",
				);
				INFOPLIST_FILE = DSActionSheetDemoTests/Info.plist;
				LD_RUNPATH_SEARCH_PATHS = "$(inherited) @executable_path/Frameworks @loader_path/Frameworks";
				PRODUCT_NAME = "$(TARGET_NAME)";
				TEST_HOST = "$(BUILT_PRODUCTS_DIR)/DSActionSheetDemo.app/DSActionSheetDemo";
			};
			name = Release;
		};
/* End XCBuildConfiguration section */

/* Begin XCConfigurationList section */
		49A83C2C1B21D24500C79DB1 /* Build configuration list for PBXProject "DSActionSheetDemo" */ = {
			isa = XCConfigurationList;
			buildConfigurations = (
				49A83C521B21D24500C79DB1 /* Debug */,
				49A83C531B21D24500C79DB1 /* Release */,
			);
			defaultConfigurationIsVisible = 0;
			defaultConfigurationName = Release;
		};
		49A83C541B21D24500C79DB1 /* Build configuration list for PBXNativeTarget "DSActionSheetDemo" */ = {
			isa = XCConfigurationList;
			buildConfigurations = (
				49A83C551B21D24500C79DB1 /* Debug */,
				49A83C561B21D24500C79DB1 /* Release */,
			);
			defaultConfigurationIsVisible = 0;
		};
		49A83C571B21D24500C79DB1 /* Build configuration list for PBXNativeTarget "DSActionSheetDemoTests" */ = {
			isa = XCConfigurationList;
			buildConfigurations = (
				49A83C581B21D24500C79DB1 /* Debug */,
				49A83C591B21D24500C79DB1 /* Release */,
			);
			defaultConfigurationIsVisible = 0;
		};
/* End XCConfigurationList section */
	};
	rootObject = 49A83C291B21D24500C79DB1 /* Project object */;
}
